
Microsoft Visual Studio Solution File, Format Version 12.00
# Visual Studio Version 16
VisualStudioVersion = 16.0.31515.178
MinimumVisualStudioVersion = 10.0.40219.1
Project("{FAE04EC0-301F-11D3-BF4B-00C04F79EFBC}") = "Proyecto03Calculadora", "Proyecto03Calculadora\Proyecto03Calculadora.csproj", "{901EF9FE-79C2-4000-BFAD-9826D76A6F67}"
EndProject
Global
	GlobalSection(SolutionConfigurationPlatforms) = preSolution
		Debug|Any CPU = Debug|Any CPU
		Release|Any CPU = Release|Any CPU
	EndGlobalSection
	GlobalSection(ProjectConfigurationPlatforms) = postSolution
		{901EF9FE-79C2-4000-BFAD-9826D76A6F67}.Debug|Any CPU.ActiveCfg = Debug|Any CPU
		{901EF9FE-79C2-4000-BFAD-9826D76A6F67}.Debug|Any CPU.Build.0 = Debug|Any CPU
		{901EF9FE-79C2-4000-BFAD-9826D76A6F67}.Release|Any CPU.ActiveCfg = Release|Any CPU
		{901EF9FE-79C2-4000-BFAD-9826D76A6F67}.Release|Any CPU.Build.0 = Release|Any CPU
	EndGlobalSection
	GlobalSection(SolutionProperties) = preSolution
		HideSolutionNode = FALSE
	EndGlobalSection
	GlobalSection(ExtensibilityGlobals) = postSolution
		SolutionGuid = {FA6128BF-DBEE-410F-9781-70CD0558C716}
	EndGlobalSection
EndGlobal
